{
  "version": 4,
  "terraform_version": "1.4.6",
  "serial": 66,
  "lineage": "f052a7bc-c99a-7ef8-3193-f7f906f4c857",
  "outputs": {},
  "resources": [
    {
      "mode": "managed",
      "type": "helm_release",
      "name": "prometheus",
      "provider": "provider[\"registry.terraform.io/hashicorp/helm\"]",
      "instances": [
        {
          "schema_version": 1,
          "attributes": {
            "atomic": false,
            "chart": "kube-prometheus-stack",
            "cleanup_on_fail": false,
            "create_namespace": false,
            "dependency_update": false,
            "description": null,
            "devel": null,
            "disable_crd_hooks": false,
            "disable_openapi_validation": false,
            "disable_webhooks": false,
            "force_update": true,
            "id": "prometheus",
            "keyring": null,
            "lint": false,
            "manifest": null,
            "max_history": 0,
            "metadata": [
              {
                "app_version": "v0.66.0",
                "chart": "kube-prometheus-stack",
                "name": "prometheus",
                "namespace": "monitoring",
                "revision": 10,
                "values": "{\"grafana\":{\"adminPassword\":\"admin\",\"service\":{\"type\":\"LoadBalancer\"}},\"prometheus\":{\"prometheusSpec\":{\"serviceMonitorNamespaceSelector\":false,\"serviceMonitorSelector\":false,\"serviceMonitorSelectorNilUsesHelmValues\":false},\"service\":{\"type\":\"LoadBalancer\"}}}",
                "version": "48.0.0"
              }
            ],
            "name": "prometheus",
            "namespace": "monitoring",
            "pass_credentials": false,
            "postrender": [],
            "recreate_pods": false,
            "render_subchart_notes": true,
            "replace": false,
            "repository": "https://prometheus-community.github.io/helm-charts",
            "repository_ca_file": null,
            "repository_cert_file": null,
            "repository_key_file": null,
            "repository_password": null,
            "repository_username": null,
            "reset_values": false,
            "reuse_values": false,
            "set": [
              {
                "name": "grafana.adminPassword",
                "type": "",
                "value": "admin"
              },
              {
                "name": "grafana.service.type",
                "type": "",
                "value": "LoadBalancer"
              },
              {
                "name": "prometheus.prometheusSpec.serviceMonitorNamespaceSelector",
                "type": "",
                "value": "false"
              },
              {
                "name": "prometheus.prometheusSpec.serviceMonitorSelector",
                "type": "",
                "value": "false"
              },
              {
                "name": "prometheus.prometheusSpec.serviceMonitorSelectorNilUsesHelmValues",
                "type": "",
                "value": "false"
              },
              {
                "name": "prometheus.service.type",
                "type": "",
                "value": "LoadBalancer"
              }
            ],
            "set_list": [],
            "set_sensitive": [],
            "skip_crds": false,
            "status": "deployed",
            "timeout": 300,
            "values": [],
            "verify": false,
            "version": "48.0.0",
            "wait": true,
            "wait_for_jobs": false
          },
          "sensitive_attributes": [],
          "private": "eyJzY2hlbWFfdmVyc2lvbiI6IjEifQ==",
          "dependencies": [
            "kubernetes_namespace.monitoring"
          ]
        }
      ]
    },
    {
      "mode": "managed",
      "type": "kubectl_manifest",
      "name": "app-go",
      "provider": "provider[\"registry.terraform.io/gavinbunney/kubectl\"]",
      "instances": [
        {
          "index_key": "deployment",
          "schema_version": 1,
          "attributes": {
            "api_version": "apps/v1",
            "apply_only": false,
            "force_conflicts": false,
            "force_new": false,
            "id": "/apis/apps/v1/namespaces/app-go/deployments/api",
            "ignore_fields": null,
            "kind": "Deployment",
            "live_manifest_incluster": "2dd748ea7fb2ab9d233e46cea8a25b819c7b2ba383a16e9fdb4de6e68a53461f",
            "live_uid": "0ca3da1b-e9d9-4636-b986-d6c26cdc3bb0",
            "name": "api",
            "namespace": "app-go",
            "override_namespace": null,
            "sensitive_fields": null,
            "server_side_apply": false,
            "timeouts": null,
            "uid": "0ca3da1b-e9d9-4636-b986-d6c26cdc3bb0",
            "validate_schema": true,
            "wait": null,
            "wait_for_rollout": true,
            "yaml_body": "apiVersion: apps/v1\nkind: Deployment\nmetadata:\n  name: api\n  namespace: app-go\n  labels:\n    api: api-go\nspec:\n  replicas: 3\n  selector:\n    matchLabels:\n      api: api-go\n  template:\n    metadata:\n      labels:\n        api: api-go\n    spec:\n      containers:\n      - name: api\n        image: matesousa/go-k8s-metrics:latest\n        ports:\n        - containerPort: 8080\n",
            "yaml_body_parsed": "apiVersion: apps/v1\nkind: Deployment\nmetadata:\n  labels:\n    api: api-go\n  name: api\n  namespace: app-go\nspec:\n  replicas: 3\n  selector:\n    matchLabels:\n      api: api-go\n  template:\n    metadata:\n      labels:\n        api: api-go\n    spec:\n      containers:\n      - image: matesousa/go-k8s-metrics:latest\n        name: api\n        ports:\n        - containerPort: 8080\n",
            "yaml_incluster": "2dd748ea7fb2ab9d233e46cea8a25b819c7b2ba383a16e9fdb4de6e68a53461f"
          },
          "sensitive_attributes": [],
          "private": "eyJlMmJmYjczMC1lY2FhLTExZTYtOGY4OC0zNDM2M2JjN2M0YzAiOnsiY3JlYXRlIjo2MDAwMDAwMDAwMDB9LCJzY2hlbWFfdmVyc2lvbiI6IjEifQ==",
          "dependencies": [
            "kubernetes_namespace.app-go"
          ]
        },
        {
          "index_key": "service",
          "schema_version": 1,
          "attributes": {
            "api_version": "v1",
            "apply_only": false,
            "force_conflicts": false,
            "force_new": false,
            "id": "/api/v1/namespaces/app-go/services/api-service",
            "ignore_fields": null,
            "kind": "Service",
            "live_manifest_incluster": "89d8191d224664bfc6ba028e23f0a40368b298c85bf05b73dd933a9c9114c235",
            "live_uid": "be81a86a-e219-4436-95a5-c63babeee5f1",
            "name": "api-service",
            "namespace": "app-go",
            "override_namespace": null,
            "sensitive_fields": null,
            "server_side_apply": false,
            "timeouts": null,
            "uid": "be81a86a-e219-4436-95a5-c63babeee5f1",
            "validate_schema": true,
            "wait": null,
            "wait_for_rollout": true,
            "yaml_body": "apiVersion: v1\nkind: Service\nmetadata:\n  name: api-service \n  namespace: app-go \n  labels:\n    app: api-go-service\nspec:\n  selector:\n    api: api-go \n  type: LoadBalancer\n  ports:\n  - protocol: TCP\n    name: api\n    port: 80\n    targetPort: 8080\n",
            "yaml_body_parsed": "apiVersion: v1\nkind: Service\nmetadata:\n  labels:\n    app: api-go-service\n  name: api-service\n  namespace: app-go\nspec:\n  ports:\n  - name: api\n    port: 80\n    protocol: TCP\n    targetPort: 8080\n  selector:\n    api: api-go\n  type: LoadBalancer\n",
            "yaml_incluster": "89d8191d224664bfc6ba028e23f0a40368b298c85bf05b73dd933a9c9114c235"
          },
          "sensitive_attributes": [],
          "private": "eyJlMmJmYjczMC1lY2FhLTExZTYtOGY4OC0zNDM2M2JjN2M0YzAiOnsiY3JlYXRlIjo2MDAwMDAwMDAwMDB9LCJzY2hlbWFfdmVyc2lvbiI6IjEifQ==",
          "dependencies": [
            "kubernetes_namespace.app-go"
          ]
        },
        {
          "index_key": "service-monitor",
          "schema_version": 1,
          "attributes": {
            "api_version": "monitoring.coreos.com/v1",
            "apply_only": false,
            "force_conflicts": false,
            "force_new": false,
            "id": "/apis/monitoring.coreos.com/v1/namespaces/app-go/servicemonitors/api-service-monitor",
            "ignore_fields": null,
            "kind": "ServiceMonitor",
            "live_manifest_incluster": "930e277bc0f5a87b50b790aaa2f458a5fa32b12ba45184b116902638c61a874a",
            "live_uid": "2a55fb84-6f93-4ad0-97b7-985887a42036",
            "name": "api-service-monitor",
            "namespace": "app-go",
            "override_namespace": null,
            "sensitive_fields": null,
            "server_side_apply": false,
            "timeouts": null,
            "uid": "2a55fb84-6f93-4ad0-97b7-985887a42036",
            "validate_schema": true,
            "wait": null,
            "wait_for_rollout": true,
            "yaml_body": "apiVersion: monitoring.coreos.com/v1\nkind: ServiceMonitor\nmetadata:\n  name: api-service-monitor\n  namespace: app-go\n  labels:\n    app: api-go-service-monitor \nspec:\n  selector:\n    matchLabels:\n      app: api-go-service\n  endpoints:\n  - interval: 10s\n    name: api\n",
            "yaml_body_parsed": "apiVersion: monitoring.coreos.com/v1\nkind: ServiceMonitor\nmetadata:\n  labels:\n    app: api-go-service-monitor\n  name: api-service-monitor\n  namespace: app-go\nspec:\n  endpoints:\n  - interval: 10s\n    name: api\n  selector:\n    matchLabels:\n      app: api-go-service\n",
            "yaml_incluster": "930e277bc0f5a87b50b790aaa2f458a5fa32b12ba45184b116902638c61a874a"
          },
          "sensitive_attributes": [],
          "private": "eyJlMmJmYjczMC1lY2FhLTExZTYtOGY4OC0zNDM2M2JjN2M0YzAiOnsiY3JlYXRlIjo2MDAwMDAwMDAwMDB9LCJzY2hlbWFfdmVyc2lvbiI6IjEifQ==",
          "dependencies": [
            "kubernetes_namespace.app-go"
          ]
        }
      ]
    },
    {
      "mode": "managed",
      "type": "kubectl_manifest",
      "name": "prometheus",
      "provider": "provider[\"registry.terraform.io/gavinbunney/kubectl\"]",
      "instances": [
        {
          "schema_version": 1,
          "attributes": {
            "api_version": "monitoring.coreos.com/v1",
            "apply_only": false,
            "force_conflicts": false,
            "force_new": false,
            "id": "/apis/monitoring.coreos.com/v1/namespaces/monitoring/prometheuses/applications",
            "ignore_fields": null,
            "kind": "Prometheus",
            "live_manifest_incluster": "9a364629df75274f1fa241cc406a33b65e4a8d02dfc772951b6cd633bde3bb39",
            "live_uid": "334f9413-3728-47ac-9b00-462c3bafeacb",
            "name": "applications",
            "namespace": "monitoring",
            "override_namespace": null,
            "sensitive_fields": null,
            "server_side_apply": false,
            "timeouts": null,
            "uid": "334f9413-3728-47ac-9b00-462c3bafeacb",
            "validate_schema": true,
            "wait": null,
            "wait_for_rollout": true,
            "yaml_body": "apiVersion: monitoring.coreos.com/v1\nkind: Prometheus\nmetadata:\n  labels:\n    app.kubernetes.io/instance: prometheus\n    app.kubernetes.io/managed-by: Helm\n    app.kubernetes.io/part-of: kube-prometheus-stack\n    app.kubernetes.io/version: 48.0.0\n  name: applications\n  namespace: monitoring\nspec:\n  image: quay.io/prometheus/prometheus:v2.32.1\n  nodeSelector:\n    kubernetes.io/os: linux\n  replicas: 3\n  resources:\n    requests:\n      memory: 400Mi\n  ruleSelector: {}\n  securityContext:\n    fsGroup: 2000\n    runAsNonRoot: true\n    runAsUser: 1000\n  serviceAccountName: prometheus-k8s\n  serviceMonitorNamespaceSelector: {} #match all namespaces\n  serviceMonitorSelector: {} #match all servicemonitors\n  version: 2.32.1\n",
            "yaml_body_parsed": "apiVersion: monitoring.coreos.com/v1\nkind: Prometheus\nmetadata:\n  labels:\n    app.kubernetes.io/instance: prometheus\n    app.kubernetes.io/managed-by: Helm\n    app.kubernetes.io/part-of: kube-prometheus-stack\n    app.kubernetes.io/version: 48.0.0\n  name: applications\n  namespace: monitoring\nspec:\n  image: quay.io/prometheus/prometheus:v2.32.1\n  nodeSelector:\n    kubernetes.io/os: linux\n  replicas: 3\n  resources:\n    requests:\n      memory: 400Mi\n  ruleSelector: {}\n  securityContext:\n    fsGroup: 2000\n    runAsNonRoot: true\n    runAsUser: 1000\n  serviceAccountName: prometheus-k8s\n  serviceMonitorNamespaceSelector: {}\n  serviceMonitorSelector: {}\n  version: 2.32.1\n",
            "yaml_incluster": "9a364629df75274f1fa241cc406a33b65e4a8d02dfc772951b6cd633bde3bb39"
          },
          "sensitive_attributes": [],
          "private": "eyJlMmJmYjczMC1lY2FhLTExZTYtOGY4OC0zNDM2M2JjN2M0YzAiOnsiY3JlYXRlIjo2MDAwMDAwMDAwMDB9LCJzY2hlbWFfdmVyc2lvbiI6IjEifQ==",
          "dependencies": [
            "helm_release.prometheus",
            "kubernetes_namespace.monitoring"
          ]
        }
      ]
    },
    {
      "mode": "managed",
      "type": "kubernetes_namespace",
      "name": "app-go",
      "provider": "provider[\"registry.terraform.io/hashicorp/kubernetes\"]",
      "instances": [
        {
          "schema_version": 0,
          "attributes": {
            "id": "app-go",
            "metadata": [
              {
                "annotations": {},
                "generate_name": "",
                "generation": 0,
                "labels": {},
                "name": "app-go",
                "resource_version": "91839",
                "uid": "5aaa6207-86c1-4bb6-9fab-dd90889fa6aa"
              }
            ],
            "timeouts": null,
            "wait_for_default_service_account": false
          },
          "sensitive_attributes": [],
          "private": "eyJlMmJmYjczMC1lY2FhLTExZTYtOGY4OC0zNDM2M2JjN2M0YzAiOnsiZGVsZXRlIjozMDAwMDAwMDAwMDB9fQ=="
        }
      ]
    },
    {
      "mode": "managed",
      "type": "kubernetes_namespace",
      "name": "monitoring",
      "provider": "provider[\"registry.terraform.io/hashicorp/kubernetes\"]",
      "instances": [
        {
          "schema_version": 0,
          "attributes": {
            "id": "monitoring",
            "metadata": [
              {
                "annotations": {},
                "generate_name": "",
                "generation": 0,
                "labels": {},
                "name": "monitoring",
                "resource_version": "91838",
                "uid": "09ccaf2b-4e78-45bf-bb80-9ee657919923"
              }
            ],
            "timeouts": null,
            "wait_for_default_service_account": false
          },
          "sensitive_attributes": [],
          "private": "eyJlMmJmYjczMC1lY2FhLTExZTYtOGY4OC0zNDM2M2JjN2M0YzAiOnsiZGVsZXRlIjozMDAwMDAwMDAwMDB9fQ=="
        }
      ]
    }
  ],
  "check_results": null
}
